
Microsoft Visual Studio Solution File, Format Version 12.00
# Visual Studio 14
VisualStudioVersion = 14.0.25420.1
MinimumVisualStudioVersion = 10.0.40219.1
Project("{8BB2217D-0F2D-49D1-97BC-3654ED321F3B}") = "Calcular.CoreApi", "Calcular.CoreApi.xproj", "{ABAEB630-0E2B-4B2B-8F2F-A5EAE3734733}"
EndProject
Global
	GlobalSection(SolutionConfigurationPlatforms) = preSolution
		Debug|Any CPU = Debug|Any CPU
		Release|Any CPU = Release|Any CPU
	EndGlobalSection
	GlobalSection(ProjectConfigurationPlatforms) = postSolution
		{ABAEB630-0E2B-4B2B-8F2F-A5EAE3734733}.Debug|Any CPU.ActiveCfg = Debug|Any CPU
		{ABAEB630-0E2B-4B2B-8F2F-A5EAE3734733}.Debug|Any CPU.Build.0 = Debug|Any CPU
		{ABAEB630-0E2B-4B2B-8F2F-A5EAE3734733}.Release|Any CPU.ActiveCfg = Release|Any CPU
		{ABAEB630-0E2B-4B2B-8F2F-A5EAE3734733}.Release|Any CPU.Build.0 = Release|Any CPU
	EndGlobalSection
	GlobalSection(SolutionProperties) = preSolution
		HideSolutionNode = FALSE
	EndGlobalSection
EndGlobal
